// !$*UTF8*$!
{
	archiveVersion = 1;
	classes = {
	};
	objectVersion = 56;
	objects = {

/* Begin PBXBuildFile section */
		0C8ABD22296A258B00754E11 /* GoogleService-Info.plist in Resources */ = {isa = PBXBuildFile; fileRef = 0C8ABD21296A258B00754E11 /* GoogleService-Info.plist */; };
		0CFAE7C62942E5E900E2D7D0 /* BlueMessenger.swift in Sources */ = {isa = PBXBuildFile; fileRef = 0CFAE7C52942E5E900E2D7D0 /* BlueMessenger.swift */; };
		0CFAE7C82942E5E900E2D7D0 /* ChatView.swift in Sources */ = {isa = PBXBuildFile; fileRef = 0CFAE7C72942E5E900E2D7D0 /* ChatView.swift */; };
		0CFAE7CA2942E5EA00E2D7D0 /* Assets.xcassets in Resources */ = {isa = PBXBuildFile; fileRef = 0CFAE7C92942E5EA00E2D7D0 /* Assets.xcassets */; };
		0CFAE7CD2942E5EA00E2D7D0 /* Preview Assets.xcassets in Resources */ = {isa = PBXBuildFile; fileRef = 0CFAE7CC2942E5EA00E2D7D0 /* Preview Assets.xcassets */; };
		0CFAE7D72943041400E2D7D0 /* FirebaseAnalytics in Frameworks */ = {isa = PBXBuildFile; productRef = 0CFAE7D62943041400E2D7D0 /* FirebaseAnalytics */; };
		0CFAE7D92943041400E2D7D0 /* FirebaseAnalyticsOnDeviceConversion in Frameworks */ = {isa = PBXBuildFile; productRef = 0CFAE7D82943041400E2D7D0 /* FirebaseAnalyticsOnDeviceConversion */; };
		0CFAE7DB2943041400E2D7D0 /* FirebaseAnalyticsSwift in Frameworks */ = {isa = PBXBuildFile; productRef = 0CFAE7DA2943041400E2D7D0 /* FirebaseAnalyticsSwift */; };
		0CFAE7DD2943041400E2D7D0 /* FirebaseAnalyticsWithoutAdIdSupport in Frameworks */ = {isa = PBXBuildFile; productRef = 0CFAE7DC2943041400E2D7D0 /* FirebaseAnalyticsWithoutAdIdSupport */; };
		0CFAE7DF2943041400E2D7D0 /* FirebaseAppCheck in Frameworks */ = {isa = PBXBuildFile; productRef = 0CFAE7DE2943041400E2D7D0 /* FirebaseAppCheck */; };
		0CFAE7E12943041400E2D7D0 /* FirebaseAppDistribution-Beta in Frameworks */ = {isa = PBXBuildFile; productRef = 0CFAE7E02943041400E2D7D0 /* FirebaseAppDistribution-Beta */; };
		0CFAE7E32943041400E2D7D0 /* FirebaseAuth in Frameworks */ = {isa = PBXBuildFile; productRef = 0CFAE7E22943041400E2D7D0 /* FirebaseAuth */; };
		0CFAE7E52943041400E2D7D0 /* FirebaseAuthCombine-Community in Frameworks */ = {isa = PBXBuildFile; productRef = 0CFAE7E42943041400E2D7D0 /* FirebaseAuthCombine-Community */; };
		0CFAE7E72943041400E2D7D0 /* FirebaseCrashlytics in Frameworks */ = {isa = PBXBuildFile; productRef = 0CFAE7E62943041400E2D7D0 /* FirebaseCrashlytics */; };
		0CFAE7E92943041400E2D7D0 /* FirebaseDatabase in Frameworks */ = {isa = PBXBuildFile; productRef = 0CFAE7E82943041400E2D7D0 /* FirebaseDatabase */; };
		0CFAE7EB2943041400E2D7D0 /* FirebaseDatabaseSwift in Frameworks */ = {isa = PBXBuildFile; productRef = 0CFAE7EA2943041400E2D7D0 /* FirebaseDatabaseSwift */; };
		0CFAE7ED2943041400E2D7D0 /* FirebaseDynamicLinks in Frameworks */ = {isa = PBXBuildFile; productRef = 0CFAE7EC2943041400E2D7D0 /* FirebaseDynamicLinks */; };
		0CFAE7EF2943041400E2D7D0 /* FirebaseFirestore in Frameworks */ = {isa = PBXBuildFile; productRef = 0CFAE7EE2943041400E2D7D0 /* FirebaseFirestore */; };
		0CFAE7F12943041400E2D7D0 /* FirebaseFirestoreCombine-Community in Frameworks */ = {isa = PBXBuildFile; productRef = 0CFAE7F02943041400E2D7D0 /* FirebaseFirestoreCombine-Community */; };
		0CFAE7F32943041400E2D7D0 /* FirebaseFirestoreSwift in Frameworks */ = {isa = PBXBuildFile; productRef = 0CFAE7F22943041400E2D7D0 /* FirebaseFirestoreSwift */; };
		0CFAE7F52943041400E2D7D0 /* FirebaseFunctions in Frameworks */ = {isa = PBXBuildFile; productRef = 0CFAE7F42943041400E2D7D0 /* FirebaseFunctions */; };
		0CFAE7F72943041400E2D7D0 /* FirebaseFunctionsCombine-Community in Frameworks */ = {isa = PBXBuildFile; productRef = 0CFAE7F62943041400E2D7D0 /* FirebaseFunctionsCombine-Community */; };
		0CFAE7F92943041400E2D7D0 /* FirebaseInAppMessaging-Beta in Frameworks */ = {isa = PBXBuildFile; productRef = 0CFAE7F82943041400E2D7D0 /* FirebaseInAppMessaging-Beta */; };
		0CFAE7FB2943041400E2D7D0 /* FirebaseInAppMessagingSwift-Beta in Frameworks */ = {isa = PBXBuildFile; productRef = 0CFAE7FA2943041400E2D7D0 /* FirebaseInAppMessagingSwift-Beta */; };
		0CFAE7FD2943041400E2D7D0 /* FirebaseInstallations in Frameworks */ = {isa = PBXBuildFile; productRef = 0CFAE7FC2943041400E2D7D0 /* FirebaseInstallations */; };
		0CFAE7FF2943041400E2D7D0 /* FirebaseMLModelDownloader in Frameworks */ = {isa = PBXBuildFile; productRef = 0CFAE7FE2943041400E2D7D0 /* FirebaseMLModelDownloader */; };
		0CFAE8012943041400E2D7D0 /* FirebaseMessaging in Frameworks */ = {isa = PBXBuildFile; productRef = 0CFAE8002943041400E2D7D0 /* FirebaseMessaging */; };
		0CFAE8032943041400E2D7D0 /* FirebasePerformance in Frameworks */ = {isa = PBXBuildFile; productRef = 0CFAE8022943041400E2D7D0 /* FirebasePerformance */; };
		0CFAE8052943041400E2D7D0 /* FirebaseRemoteConfig in Frameworks */ = {isa = PBXBuildFile; productRef = 0CFAE8042943041400E2D7D0 /* FirebaseRemoteConfig */; };
		0CFAE8072943041400E2D7D0 /* FirebaseRemoteConfigSwift in Frameworks */ = {isa = PBXBuildFile; productRef = 0CFAE8062943041400E2D7D0 /* FirebaseRemoteConfigSwift */; };
		0CFAE8092943041400E2D7D0 /* FirebaseStorage in Frameworks */ = {isa = PBXBuildFile; productRef = 0CFAE8082943041400E2D7D0 /* FirebaseStorage */; };
		0CFAE80B2943041400E2D7D0 /* FirebaseStorageCombine-Community in Frameworks */ = {isa = PBXBuildFile; productRef = 0CFAE80A2943041400E2D7D0 /* FirebaseStorageCombine-Community */; };
		0CFAE80D29452EA200E2D7D0 /* ViewModel.swift in Sources */ = {isa = PBXBuildFile; fileRef = 0CFAE80C29452EA200E2D7D0 /* ViewModel.swift */; };
		0CFAE80F2945555D00E2D7D0 /* LoginView.swift in Sources */ = {isa = PBXBuildFile; fileRef = 0CFAE80E2945555D00E2D7D0 /* LoginView.swift */; };
		0CFAE81129455FDD00E2D7D0 /* Model.swift in Sources */ = {isa = PBXBuildFile; fileRef = 0CFAE81029455FDD00E2D7D0 /* Model.swift */; };
		0CFAE815294AB02C00E2D7D0 /* UsersView.swift in Sources */ = {isa = PBXBuildFile; fileRef = 0CFAE814294AB02C00E2D7D0 /* UsersView.swift */; };
		0CFAE817294AD04800E2D7D0 /* UserAvatar.swift in Sources */ = {isa = PBXBuildFile; fileRef = 0CFAE816294AD04800E2D7D0 /* UserAvatar.swift */; };
		0CFAE8192957BEA500E2D7D0 /* TextBubble.swift in Sources */ = {isa = PBXBuildFile; fileRef = 0CFAE8182957BEA500E2D7D0 /* TextBubble.swift */; };
		0CFAE81B2957DFD100E2D7D0 /* CustomTextField.swift in Sources */ = {isa = PBXBuildFile; fileRef = 0CFAE81A2957DFD100E2D7D0 /* CustomTextField.swift */; };
		0CFAE81D2957E4C500E2D7D0 /* CustomButton.swift in Sources */ = {isa = PBXBuildFile; fileRef = 0CFAE81C2957E4C400E2D7D0 /* CustomButton.swift */; };
		0CFAE81F29591C2700E2D7D0 /* Constants.swift in Sources */ = {isa = PBXBuildFile; fileRef = 0CFAE81E29591C2700E2D7D0 /* Constants.swift */; };
/* End PBXBuildFile section */

/* Begin PBXFileReference section */
		0C8ABD21296A258B00754E11 /* GoogleService-Info.plist */ = {isa = PBXFileReference; fileEncoding = 4; lastKnownFileType = text.plist.xml; path = "GoogleService-Info.plist"; sourceTree = "<group>"; };
		0CFAE7C22942E5E900E2D7D0 /* BluMessenger.app */ = {isa = PBXFileReference; explicitFileType = wrapper.application; includeInIndex = 0; path = BluMessenger.app; sourceTree = BUILT_PRODUCTS_DIR; };
		0CFAE7C52942E5E900E2D7D0 /* BlueMessenger.swift */ = {isa = PBXFileReference; lastKnownFileType = sourcecode.swift; path = BlueMessenger.swift; sourceTree = "<group>"; };
		0CFAE7C72942E5E900E2D7D0 /* ChatView.swift */ = {isa = PBXFileReference; lastKnownFileType = sourcecode.swift; path = ChatView.swift; sourceTree = "<group>"; };
		0CFAE7C92942E5EA00E2D7D0 /* Assets.xcassets */ = {isa = PBXFileReference; lastKnownFileType = folder.assetcatalog; path = Assets.xcassets; sourceTree = "<group>"; };
		0CFAE7CC2942E5EA00E2D7D0 /* Preview Assets.xcassets */ = {isa = PBXFileReference; lastKnownFileType = folder.assetcatalog; path = "Preview Assets.xcassets"; sourceTree = "<group>"; };
		0CFAE80C29452EA200E2D7D0 /* ViewModel.swift */ = {isa = PBXFileReference; lastKnownFileType = sourcecode.swift; path = ViewModel.swift; sourceTree = "<group>"; };
		0CFAE80E2945555D00E2D7D0 /* LoginView.swift */ = {isa = PBXFileReference; lastKnownFileType = sourcecode.swift; path = LoginView.swift; sourceTree = "<group>"; };
		0CFAE81029455FDD00E2D7D0 /* Model.swift */ = {isa = PBXFileReference; lastKnownFileType = sourcecode.swift; path = Model.swift; sourceTree = "<group>"; };
		0CFAE814294AB02C00E2D7D0 /* UsersView.swift */ = {isa = PBXFileReference; lastKnownFileType = sourcecode.swift; path = UsersView.swift; sourceTree = "<group>"; };
		0CFAE816294AD04800E2D7D0 /* UserAvatar.swift */ = {isa = PBXFileReference; lastKnownFileType = sourcecode.swift; path = UserAvatar.swift; sourceTree = "<group>"; };
		0CFAE8182957BEA500E2D7D0 /* TextBubble.swift */ = {isa = PBXFileReference; lastKnownFileType = sourcecode.swift; path = TextBubble.swift; sourceTree = "<group>"; };
		0CFAE81A2957DFD100E2D7D0 /* CustomTextField.swift */ = {isa = PBXFileReference; lastKnownFileType = sourcecode.swift; path = CustomTextField.swift; sourceTree = "<group>"; };
		0CFAE81C2957E4C400E2D7D0 /* CustomButton.swift */ = {isa = PBXFileReference; lastKnownFileType = sourcecode.swift; path = CustomButton.swift; sourceTree = "<group>"; };
		0CFAE81E29591C2700E2D7D0 /* Constants.swift */ = {isa = PBXFileReference; lastKnownFileType = sourcecode.swift; path = Constants.swift; sourceTree = "<group>"; };
/* End PBXFileReference section */

/* Begin PBXFrameworksBuildPhase section */
		0CFAE7BF2942E5E900E2D7D0 /* Frameworks */ = {
			isa = PBXFrameworksBuildPhase;
			buildActionMask = 2147483647;
			files = (
				0CFAE7E92943041400E2D7D0 /* FirebaseDatabase in Frameworks */,
				0CFAE7F72943041400E2D7D0 /* FirebaseFunctionsCombine-Community in Frameworks */,
				0CFAE7EF2943041400E2D7D0 /* FirebaseFirestore in Frameworks */,
				0CFAE7DB2943041400E2D7D0 /* FirebaseAnalyticsSwift in Frameworks */,
				0CFAE7D72943041400E2D7D0 /* FirebaseAnalytics in Frameworks */,
				0CFAE7D92943041400E2D7D0 /* FirebaseAnalyticsOnDeviceConversion in Frameworks */,
				0CFAE7FF2943041400E2D7D0 /* FirebaseMLModelDownloader in Frameworks */,
				0CFAE7F32943041400E2D7D0 /* FirebaseFirestoreSwift in Frameworks */,
				0CFAE7DF2943041400E2D7D0 /* FirebaseAppCheck in Frameworks */,
				0CFAE7DD2943041400E2D7D0 /* FirebaseAnalyticsWithoutAdIdSupport in Frameworks */,
				0CFAE7E32943041400E2D7D0 /* FirebaseAuth in Frameworks */,
				0CFAE7E72943041400E2D7D0 /* FirebaseCrashlytics in Frameworks */,
				0CFAE8072943041400E2D7D0 /* FirebaseRemoteConfigSwift in Frameworks */,
				0CFAE7F92943041400E2D7D0 /* FirebaseInAppMessaging-Beta in Frameworks */,
				0CFAE7EB2943041400E2D7D0 /* FirebaseDatabaseSwift in Frameworks */,
				0CFAE7F52943041400E2D7D0 /* FirebaseFunctions in Frameworks */,
				0CFAE80B2943041400E2D7D0 /* FirebaseStorageCombine-Community in Frameworks */,
				0CFAE8052943041400E2D7D0 /* FirebaseRemoteConfig in Frameworks */,
				0CFAE7E12943041400E2D7D0 /* FirebaseAppDistribution-Beta in Frameworks */,
				0CFAE7E52943041400E2D7D0 /* FirebaseAuthCombine-Community in Frameworks */,
				0CFAE8032943041400E2D7D0 /* FirebasePerformance in Frameworks */,
				0CFAE7FB2943041400E2D7D0 /* FirebaseInAppMessagingSwift-Beta in Frameworks */,
				0CFAE8092943041400E2D7D0 /* FirebaseStorage in Frameworks */,
				0CFAE7ED2943041400E2D7D0 /* FirebaseDynamicLinks in Frameworks */,
				0CFAE7F12943041400E2D7D0 /* FirebaseFirestoreCombine-Community in Frameworks */,
				0CFAE8012943041400E2D7D0 /* FirebaseMessaging in Frameworks */,
				0CFAE7FD2943041400E2D7D0 /* FirebaseInstallations in Frameworks */,
			);
			runOnlyForDeploymentPostprocessing = 0;
		};
/* End PBXFrameworksBuildPhase section */

/* Begin PBXGroup section */
		0CFAE7B92942E5E900E2D7D0 = {
			isa = PBXGroup;
			children = (
				0CFAE7C42942E5E900E2D7D0 /* BluMessenger */,
				0CFAE7C32942E5E900E2D7D0 /* Products */,
			);
			sourceTree = "<group>";
		};
		0CFAE7C32942E5E900E2D7D0 /* Products */ = {
			isa = PBXGroup;
			children = (
				0CFAE7C22942E5E900E2D7D0 /* BluMessenger.app */,
			);
			name = Products;
			sourceTree = "<group>";
		};
		0CFAE7C42942E5E900E2D7D0 /* BluMessenger */ = {
			isa = PBXGroup;
			children = (
				0CFAE7C52942E5E900E2D7D0 /* BlueMessenger.swift */,
				0CFAE7C72942E5E900E2D7D0 /* ChatView.swift */,
				0CFAE8182957BEA500E2D7D0 /* TextBubble.swift */,
				0CFAE80E2945555D00E2D7D0 /* LoginView.swift */,
				0CFAE81A2957DFD100E2D7D0 /* CustomTextField.swift */,
				0CFAE81C2957E4C400E2D7D0 /* CustomButton.swift */,
				0CFAE816294AD04800E2D7D0 /* UserAvatar.swift */,
				0CFAE814294AB02C00E2D7D0 /* UsersView.swift */,
				0CFAE80C29452EA200E2D7D0 /* ViewModel.swift */,
				0CFAE81029455FDD00E2D7D0 /* Model.swift */,
				0CFAE81E29591C2700E2D7D0 /* Constants.swift */,
				0C8ABD21296A258B00754E11 /* GoogleService-Info.plist */,
				0CFAE7C92942E5EA00E2D7D0 /* Assets.xcassets */,
				0CFAE7CB2942E5EA00E2D7D0 /* Preview Content */,
			);
			path = BluMessenger;
			sourceTree = "<group>";
		};
		0CFAE7CB2942E5EA00E2D7D0 /* Preview Content */ = {
			isa = PBXGroup;
			children = (
				0CFAE7CC2942E5EA00E2D7D0 /* Preview Assets.xcassets */,
			);
			path = "Preview Content";
			sourceTree = "<group>";
		};
/* End PBXGroup section */

/* Begin PBXNativeTarget section */
		0CFAE7C12942E5E900E2D7D0 /* BluMessenger */ = {
			isa = PBXNativeTarget;
			buildConfigurationList = 0CFAE7D02942E5EA00E2D7D0 /* Build configuration list for PBXNativeTarget "BluMessenger" */;
			buildPhases = (
				0CFAE7BE2942E5E900E2D7D0 /* Sources */,
				0CFAE7BF2942E5E900E2D7D0 /* Frameworks */,
				0CFAE7C02942E5E900E2D7D0 /* Resources */,
			);
			buildRules = (
			);
			dependencies = (
			);
			name = BluMessenger;
			packageProductDependencies = (
				0CFAE7D62943041400E2D7D0 /* FirebaseAnalytics */,
				0CFAE7D82943041400E2D7D0 /* FirebaseAnalyticsOnDeviceConversion */,
				0CFAE7DA2943041400E2D7D0 /* FirebaseAnalyticsSwift */,
				0CFAE7DC2943041400E2D7D0 /* FirebaseAnalyticsWithoutAdIdSupport */,
				0CFAE7DE2943041400E2D7D0 /* FirebaseAppCheck */,
				0CFAE7E02943041400E2D7D0 /* FirebaseAppDistribution-Beta */,
				0CFAE7E22943041400E2D7D0 /* FirebaseAuth */,
				0CFAE7E42943041400E2D7D0 /* FirebaseAuthCombine-Community */,
				0CFAE7E62943041400E2D7D0 /* FirebaseCrashlytics */,
				0CFAE7E82943041400E2D7D0 /* FirebaseDatabase */,
				0CFAE7EA2943041400E2D7D0 /* FirebaseDatabaseSwift */,
				0CFAE7EC2943041400E2D7D0 /* FirebaseDynamicLinks */,
				0CFAE7EE2943041400E2D7D0 /* FirebaseFirestore */,
				0CFAE7F02943041400E2D7D0 /* FirebaseFirestoreCombine-Community */,
				0CFAE7F22943041400E2D7D0 /* FirebaseFirestoreSwift */,
				0CFAE7F42943041400E2D7D0 /* FirebaseFunctions */,
				0CFAE7F62943041400E2D7D0 /* FirebaseFunctionsCombine-Community */,
				0CFAE7F82943041400E2D7D0 /* FirebaseInAppMessaging-Beta */,
				0CFAE7FA2943041400E2D7D0 /* FirebaseInAppMessagingSwift-Beta */,
				0CFAE7FC2943041400E2D7D0 /* FirebaseInstallations */,
				0CFAE7FE2943041400E2D7D0 /* FirebaseMLModelDownloader */,
				0CFAE8002943041400E2D7D0 /* FirebaseMessaging */,
				0CFAE8022943041400E2D7D0 /* FirebasePerformance */,
				0CFAE8042943041400E2D7D0 /* FirebaseRemoteConfig */,
				0CFAE8062943041400E2D7D0 /* FirebaseRemoteConfigSwift */,
				0CFAE8082943041400E2D7D0 /* FirebaseStorage */,
				0CFAE80A2943041400E2D7D0 /* FirebaseStorageCombine-Community */,
			);
			productName = PingMe;
			productReference = 0CFAE7C22942E5E900E2D7D0 /* BluMessenger.app */;
			productType = "com.apple.product-type.application";
		};
/* End PBXNativeTarget section */

/* Begin PBXProject section */
		0CFAE7BA2942E5E900E2D7D0 /* Project object */ = {
			isa = PBXProject;
			attributes = {
				BuildIndependentTargetsInParallel = 1;
				LastSwiftUpdateCheck = 1400;
				LastUpgradeCheck = 1400;
				TargetAttributes = {
					0CFAE7C12942E5E900E2D7D0 = {
						CreatedOnToolsVersion = 14.0.1;
					};
				};
			};
			buildConfigurationList = 0CFAE7BD2942E5E900E2D7D0 /* Build configuration list for PBXProject "BluMessenger" */;
			compatibilityVersion = "Xcode 14.0";
			developmentRegion = en;
			hasScannedForEncodings = 0;
			knownRegions = (
				en,
				Base,
			);
			mainGroup = 0CFAE7B92942E5E900E2D7D0;
			packageReferences = (
				0CFAE7D52943041400E2D7D0 /* XCRemoteSwiftPackageReference "firebase-ios-sdk" */,
			);
			productRefGroup = 0CFAE7C32942E5E900E2D7D0 /* Products */;
			projectDirPath = "";
			projectRoot = "";
			targets = (
				0CFAE7C12942E5E900E2D7D0 /* BluMessenger */,
			);
		};
/* End PBXProject section */

/* Begin PBXResourcesBuildPhase section */
		0CFAE7C02942E5E900E2D7D0 /* Resources */ = {
			isa = PBXResourcesBuildPhase;
			buildActionMask = 2147483647;
			files = (
				0CFAE7CD2942E5EA00E2D7D0 /* Preview Assets.xcassets in Resources */,
				0CFAE7CA2942E5EA00E2D7D0 /* Assets.xcassets in Resources */,
				0C8ABD22296A258B00754E11 /* GoogleService-Info.plist in Resources */,
			);
			runOnlyForDeploymentPostprocessing = 0;
		};
/* End PBXResourcesBuildPhase section */

/* Begin PBXSourcesBuildPhase section */
		0CFAE7BE2942E5E900E2D7D0 /* Sources */ = {
			isa = PBXSourcesBuildPhase;
			buildActionMask = 2147483647;
			files = (
				0CFAE81129455FDD00E2D7D0 /* Model.swift in Sources */,
				0CFAE81F29591C2700E2D7D0 /* Constants.swift in Sources */,
				0CFAE7C82942E5E900E2D7D0 /* ChatView.swift in Sources */,
				0CFAE80D29452EA200E2D7D0 /* ViewModel.swift in Sources */,
				0CFAE8192957BEA500E2D7D0 /* TextBubble.swift in Sources */,
				0CFAE81D2957E4C500E2D7D0 /* CustomButton.swift in Sources */,
				0CFAE80F2945555D00E2D7D0 /* LoginView.swift in Sources */,
				0CFAE7C62942E5E900E2D7D0 /* BlueMessenger.swift in Sources */,
				0CFAE815294AB02C00E2D7D0 /* UsersView.swift in Sources */,
				0CFAE817294AD04800E2D7D0 /* UserAvatar.swift in Sources */,
				0CFAE81B2957DFD100E2D7D0 /* CustomTextField.swift in Sources */,
			);
			runOnlyForDeploymentPostprocessing = 0;
		};
/* End PBXSourcesBuildPhase section */

/* Begin XCBuildConfiguration section */
		0CFAE7CE2942E5EA00E2D7D0 /* Debug */ = {
			isa = XCBuildConfiguration;
			buildSettings = {
				ALWAYS_SEARCH_USER_PATHS = NO;
				CLANG_ANALYZER_NONNULL = YES;
				CLANG_ANALYZER_NUMBER_OBJECT_CONVERSION = YES_AGGRESSIVE;
				CLANG_CXX_LANGUAGE_STANDARD = "gnu++20";
				CLANG_ENABLE_MODULES = YES;
				CLANG_ENABLE_OBJC_ARC = YES;
				CLANG_ENABLE_OBJC_WEAK = YES;
				CLANG_WARN_BLOCK_CAPTURE_AUTORELEASING = YES;
				CLANG_WARN_BOOL_CONVERSION = YES;
				CLANG_WARN_COMMA = YES;
				CLANG_WARN_CONSTANT_CONVERSION = YES;
				CLANG_WARN_DEPRECATED_OBJC_IMPLEMENTATIONS = YES;
				CLANG_WARN_DIRECT_OBJC_ISA_USAGE = YES_ERROR;
				CLANG_WARN_DOCUMENTATION_COMMENTS = YES;
				CLANG_WARN_EMPTY_BODY = YES;
				CLANG_WARN_ENUM_CONVERSION = YES;
				CLANG_WARN_INFINITE_RECURSION = YES;
				CLANG_WARN_INT_CONVERSION = YES;
				CLANG_WARN_NON_LITERAL_NULL_CONVERSION = YES;
				CLANG_WARN_OBJC_IMPLICIT_RETAIN_SELF = YES;
				CLANG_WARN_OBJC_LITERAL_CONVERSION = YES;
				CLANG_WARN_OBJC_ROOT_CLASS = YES_ERROR;
				CLANG_WARN_QUOTED_INCLUDE_IN_FRAMEWORK_HEADER = YES;
				CLANG_WARN_RANGE_LOOP_ANALYSIS = YES;
				CLANG_WARN_STRICT_PROTOTYPES = YES;
				CLANG_WARN_SUSPICIOUS_MOVE = YES;
				CLANG_WARN_UNGUARDED_AVAILABILITY = YES_AGGRESSIVE;
				CLANG_WARN_UNREACHABLE_CODE = YES;
				CLANG_WARN__DUPLICATE_METHOD_MATCH = YES;
				COPY_PHASE_STRIP = NO;
				DEBUG_INFORMATION_FORMAT = dwarf;
				ENABLE_STRICT_OBJC_MSGSEND = YES;
				ENABLE_TESTABILITY = YES;
				GCC_C_LANGUAGE_STANDARD = gnu11;
				GCC_DYNAMIC_NO_PIC = NO;
				GCC_NO_COMMON_BLOCKS = YES;
				GCC_OPTIMIZATION_LEVEL = 0;
				GCC_PREPROCESSOR_DEFINITIONS = (
					"DEBUG=1",
					"$(inherited)",
				);
				GCC_WARN_64_TO_32_BIT_CONVERSION = YES;
				GCC_WARN_ABOUT_RETURN_TYPE = YES_ERROR;
				GCC_WARN_UNDECLARED_SELECTOR = YES;
				GCC_WARN_UNINITIALIZED_AUTOS = YES_AGGRESSIVE;
				GCC_WARN_UNUSED_FUNCTION = YES;
				GCC_WARN_UNUSED_VARIABLE = YES;
				IPHONEOS_DEPLOYMENT_TARGET = 16.0;
				MTL_ENABLE_DEBUG_INFO = INCLUDE_SOURCE;
				MTL_FAST_MATH = YES;
				ONLY_ACTIVE_ARCH = YES;
				SDKROOT = iphoneos;
				SWIFT_ACTIVE_COMPILATION_CONDITIONS = DEBUG;
				SWIFT_OPTIMIZATION_LEVEL = "-Onone";
			};
			name = Debug;
		};
		0CFAE7CF2942E5EA00E2D7D0 /* Release */ = {
			isa = XCBuildConfiguration;
			buildSettings = {
				ALWAYS_SEARCH_USER_PATHS = NO;
				CLANG_ANALYZER_NONNULL = YES;
				CLANG_ANALYZER_NUMBER_OBJECT_CONVERSION = YES_AGGRESSIVE;
				CLANG_CXX_LANGUAGE_STANDARD = "gnu++20";
				CLANG_ENABLE_MODULES = YES;
				CLANG_ENABLE_OBJC_ARC = YES;
				CLANG_ENABLE_OBJC_WEAK = YES;
				CLANG_WARN_BLOCK_CAPTURE_AUTORELEASING = YES;
				CLANG_WARN_BOOL_CONVERSION = YES;
				CLANG_WARN_COMMA = YES;
				CLANG_WARN_CONSTANT_CONVERSION = YES;
				CLANG_WARN_DEPRECATED_OBJC_IMPLEMENTATIONS = YES;
				CLANG_WARN_DIRECT_OBJC_ISA_USAGE = YES_ERROR;
				CLANG_WARN_DOCUMENTATION_COMMENTS = YES;
				CLANG_WARN_EMPTY_BODY = YES;
				CLANG_WARN_ENUM_CONVERSION = YES;
				CLANG_WARN_INFINITE_RECURSION = YES;
				CLANG_WARN_INT_CONVERSION = YES;
				CLANG_WARN_NON_LITERAL_NULL_CONVERSION = YES;
				CLANG_WARN_OBJC_IMPLICIT_RETAIN_SELF = YES;
				CLANG_WARN_OBJC_LITERAL_CONVERSION = YES;
				CLANG_WARN_OBJC_ROOT_CLASS = YES_ERROR;
				CLANG_WARN_QUOTED_INCLUDE_IN_FRAMEWORK_HEADER = YES;
				CLANG_WARN_RANGE_LOOP_ANALYSIS = YES;
				CLANG_WARN_STRICT_PROTOTYPES = YES;
				CLANG_WARN_SUSPICIOUS_MOVE = YES;
				CLANG_WARN_UNGUARDED_AVAILABILITY = YES_AGGRESSIVE;
				CLANG_WARN_UNREACHABLE_CODE = YES;
				CLANG_WARN__DUPLICATE_METHOD_MATCH = YES;
				COPY_PHASE_STRIP = NO;
				DEBUG_INFORMATION_FORMAT = "dwarf-with-dsym";
				ENABLE_NS_ASSERTIONS = NO;
				ENABLE_STRICT_OBJC_MSGSEND = YES;
				GCC_C_LANGUAGE_STANDARD = gnu11;
				GCC_NO_COMMON_BLOCKS = YES;
				GCC_WARN_64_TO_32_BIT_CONVERSION = YES;
				GCC_WARN_ABOUT_RETURN_TYPE = YES_ERROR;
				GCC_WARN_UNDECLARED_SELECTOR = YES;
				GCC_WARN_UNINITIALIZED_AUTOS = YES_AGGRESSIVE;
				GCC_WARN_UNUSED_FUNCTION = YES;
				GCC_WARN_UNUSED_VARIABLE = YES;
				IPHONEOS_DEPLOYMENT_TARGET = 16.0;
				MTL_ENABLE_DEBUG_INFO = NO;
				MTL_FAST_MATH = YES;
				SDKROOT = iphoneos;
				SWIFT_COMPILATION_MODE = wholemodule;
				SWIFT_OPTIMIZATION_LEVEL = "-O";
				VALIDATE_PRODUCT = YES;
			};
			name = Release;
		};
		0CFAE7D12942E5EA00E2D7D0 /* Debug */ = {
			isa = XCBuildConfiguration;
			buildSettings = {
				ASSETCATALOG_COMPILER_APPICON_NAME = AppIcon;
				ASSETCATALOG_COMPILER_GLOBAL_ACCENT_COLOR_NAME = AccentColor;
				CODE_SIGN_STYLE = Automatic;
				CURRENT_PROJECT_VERSION = 1;
				DEVELOPMENT_ASSET_PATHS = "\"BluMessenger/Preview Content\"";
				DEVELOPMENT_TEAM = XX4UPJ8K28;
				ENABLE_PREVIEWS = YES;
				GENERATE_INFOPLIST_FILE = YES;
				INFOPLIST_KEY_CFBundleDisplayName = "Blu Messenger";
				INFOPLIST_KEY_UIApplicationSceneManifest_Generation = YES;
				INFOPLIST_KEY_UIApplicationSupportsIndirectInputEvents = YES;
				INFOPLIST_KEY_UILaunchScreen_Generation = YES;
				INFOPLIST_KEY_UISupportedInterfaceOrientations = UIInterfaceOrientationPortrait;
				INFOPLIST_KEY_UIUserInterfaceStyle = Light;
				LD_RUNPATH_SEARCH_PATHS = (
					"$(inherited)",
					"@executable_path/Frameworks",
				);
				MARKETING_VERSION = 1.0;
				PRODUCT_BUNDLE_IDENTIFIER = com.alibagherinia.BluMessenger;
				PRODUCT_NAME = "$(TARGET_NAME)";
				SWIFT_EMIT_LOC_STRINGS = YES;
				SWIFT_VERSION = 5.0;
				TARGETED_DEVICE_FAMILY = "1,2";
			};
			name = Debug;
		};
		0CFAE7D22942E5EA00E2D7D0 /* Release */ = {
			isa = XCBuildConfiguration;
			buildSettings = {
				ASSETCATALOG_COMPILER_APPICON_NAME = AppIcon;
				ASSETCATALOG_COMPILER_GLOBAL_ACCENT_COLOR_NAME = AccentColor;
				CODE_SIGN_STYLE = Automatic;
				CURRENT_PROJECT_VERSION = 1;
				DEVELOPMENT_ASSET_PATHS = "\"BluMessenger/Preview Content\"";
				DEVELOPMENT_TEAM = XX4UPJ8K28;
				ENABLE_PREVIEWS = YES;
				GENERATE_INFOPLIST_FILE = YES;
				INFOPLIST_KEY_CFBundleDisplayName = "Blu Messenger";
				INFOPLIST_KEY_UIApplicationSceneManifest_Generation = YES;
				INFOPLIST_KEY_UIApplicationSupportsIndirectInputEvents = YES;
				INFOPLIST_KEY_UILaunchScreen_Generation = YES;
				INFOPLIST_KEY_UISupportedInterfaceOrientations = UIInterfaceOrientationPortrait;
				INFOPLIST_KEY_UIUserInterfaceStyle = Light;
				LD_RUNPATH_SEARCH_PATHS = (
					"$(inherited)",
					"@executable_path/Frameworks",
				);
				MARKETING_VERSION = 1.0;
				PRODUCT_BUNDLE_IDENTIFIER = com.alibagherinia.BluMessenger;
				PRODUCT_NAME = "$(TARGET_NAME)";
				SWIFT_EMIT_LOC_STRINGS = YES;
				SWIFT_VERSION = 5.0;
				TARGETED_DEVICE_FAMILY = "1,2";
			};
			name = Release;
		};
/* End XCBuildConfiguration section */

/* Begin XCConfigurationList section */
		0CFAE7BD2942E5E900E2D7D0 /* Build configuration list for PBXProject "BluMessenger" */ = {
			isa = XCConfigurationList;
			buildConfigurations = (
				0CFAE7CE2942E5EA00E2D7D0 /* Debug */,
				0CFAE7CF2942E5EA00E2D7D0 /* Release */,
			);
			defaultConfigurationIsVisible = 0;
			defaultConfigurationName = Release;
		};
		0CFAE7D02942E5EA00E2D7D0 /* Build configuration list for PBXNativeTarget "BluMessenger" */ = {
			isa = XCConfigurationList;
			buildConfigurations = (
				0CFAE7D12942E5EA00E2D7D0 /* Debug */,
				0CFAE7D22942E5EA00E2D7D0 /* Release */,
			);
			defaultConfigurationIsVisible = 0;
			defaultConfigurationName = Release;
		};
/* End XCConfigurationList section */

/* Begin XCRemoteSwiftPackageReference section */
		0CFAE7D52943041400E2D7D0 /* XCRemoteSwiftPackageReference "firebase-ios-sdk" */ = {
			isa = XCRemoteSwiftPackageReference;
			repositoryURL = "https://github.com/firebase/firebase-ios-sdk";
			requirement = {
				branch = master;
				kind = branch;
			};
		};
/* End XCRemoteSwiftPackageReference section */

/* Begin XCSwiftPackageProductDependency section */
		0CFAE7D62943041400E2D7D0 /* FirebaseAnalytics */ = {
			isa = XCSwiftPackageProductDependency;
			package = 0CFAE7D52943041400E2D7D0 /* XCRemoteSwiftPackageReference "firebase-ios-sdk" */;
			productName = FirebaseAnalytics;
		};
		0CFAE7D82943041400E2D7D0 /* FirebaseAnalyticsOnDeviceConversion */ = {
			isa = XCSwiftPackageProductDependency;
			package = 0CFAE7D52943041400E2D7D0 /* XCRemoteSwiftPackageReference "firebase-ios-sdk" */;
			productName = FirebaseAnalyticsOnDeviceConversion;
		};
		0CFAE7DA2943041400E2D7D0 /* FirebaseAnalyticsSwift */ = {
			isa = XCSwiftPackageProductDependency;
			package = 0CFAE7D52943041400E2D7D0 /* XCRemoteSwiftPackageReference "firebase-ios-sdk" */;
			productName = FirebaseAnalyticsSwift;
		};
		0CFAE7DC2943041400E2D7D0 /* FirebaseAnalyticsWithoutAdIdSupport */ = {
			isa = XCSwiftPackageProductDependency;
			package = 0CFAE7D52943041400E2D7D0 /* XCRemoteSwiftPackageReference "firebase-ios-sdk" */;
			productName = FirebaseAnalyticsWithoutAdIdSupport;
		};
		0CFAE7DE2943041400E2D7D0 /* FirebaseAppCheck */ = {
			isa = XCSwiftPackageProductDependency;
			package = 0CFAE7D52943041400E2D7D0 /* XCRemoteSwiftPackageReference "firebase-ios-sdk" */;
			productName = FirebaseAppCheck;
		};
		0CFAE7E02943041400E2D7D0 /* FirebaseAppDistribution-Beta */ = {
			isa = XCSwiftPackageProductDependency;
			package = 0CFAE7D52943041400E2D7D0 /* XCRemoteSwiftPackageReference "firebase-ios-sdk" */;
			productName = "FirebaseAppDistribution-Beta";
		};
		0CFAE7E22943041400E2D7D0 /* FirebaseAuth */ = {
			isa = XCSwiftPackageProductDependency;
			package = 0CFAE7D52943041400E2D7D0 /* XCRemoteSwiftPackageReference "firebase-ios-sdk" */;
			productName = FirebaseAuth;
		};
		0CFAE7E42943041400E2D7D0 /* FirebaseAuthCombine-Community */ = {
			isa = XCSwiftPackageProductDependency;
			package = 0CFAE7D52943041400E2D7D0 /* XCRemoteSwiftPackageReference "firebase-ios-sdk" */;
			productName = "FirebaseAuthCombine-Community";
		};
		0CFAE7E62943041400E2D7D0 /* FirebaseCrashlytics */ = {
			isa = XCSwiftPackageProductDependency;
			package = 0CFAE7D52943041400E2D7D0 /* XCRemoteSwiftPackageReference "firebase-ios-sdk" */;
			productName = FirebaseCrashlytics;
		};
		0CFAE7E82943041400E2D7D0 /* FirebaseDatabase */ = {
			isa = XCSwiftPackageProductDependency;
			package = 0CFAE7D52943041400E2D7D0 /* XCRemoteSwiftPackageReference "firebase-ios-sdk" */;
			productName = FirebaseDatabase;
		};
		0CFAE7EA2943041400E2D7D0 /* FirebaseDatabaseSwift */ = {
			isa = XCSwiftPackageProductDependency;
			package = 0CFAE7D52943041400E2D7D0 /* XCRemoteSwiftPackageReference "firebase-ios-sdk" */;
			productName = FirebaseDatabaseSwift;
		};
		0CFAE7EC2943041400E2D7D0 /* FirebaseDynamicLinks */ = {
			isa = XCSwiftPackageProductDependency;
			package = 0CFAE7D52943041400E2D7D0 /* XCRemoteSwiftPackageReference "firebase-ios-sdk" */;
			productName = FirebaseDynamicLinks;
		};
		0CFAE7EE2943041400E2D7D0 /* FirebaseFirestore */ = {
			isa = XCSwiftPackageProductDependency;
			package = 0CFAE7D52943041400E2D7D0 /* XCRemoteSwiftPackageReference "firebase-ios-sdk" */;
			productName = FirebaseFirestore;
		};
		0CFAE7F02943041400E2D7D0 /* FirebaseFirestoreCombine-Community */ = {
			isa = XCSwiftPackageProductDependency;
			package = 0CFAE7D52943041400E2D7D0 /* XCRemoteSwiftPackageReference "firebase-ios-sdk" */;
			productName = "FirebaseFirestoreCombine-Community";
		};
		0CFAE7F22943041400E2D7D0 /* FirebaseFirestoreSwift */ = {
			isa = XCSwiftPackageProductDependency;
			package = 0CFAE7D52943041400E2D7D0 /* XCRemoteSwiftPackageReference "firebase-ios-sdk" */;
			productName = FirebaseFirestoreSwift;
		};
		0CFAE7F42943041400E2D7D0 /* FirebaseFunctions */ = {
			isa = XCSwiftPackageProductDependency;
			package = 0CFAE7D52943041400E2D7D0 /* XCRemoteSwiftPackageReference "firebase-ios-sdk" */;
			productName = FirebaseFunctions;
		};
		0CFAE7F62943041400E2D7D0 /* FirebaseFunctionsCombine-Community */ = {
			isa = XCSwiftPackageProductDependency;
			package = 0CFAE7D52943041400E2D7D0 /* XCRemoteSwiftPackageReference "firebase-ios-sdk" */;
			productName = "FirebaseFunctionsCombine-Community";
		};
		0CFAE7F82943041400E2D7D0 /* FirebaseInAppMessaging-Beta */ = {
			isa = XCSwiftPackageProductDependency;
			package = 0CFAE7D52943041400E2D7D0 /* XCRemoteSwiftPackageReference "firebase-ios-sdk" */;
			productName = "FirebaseInAppMessaging-Beta";
		};
		0CFAE7FA2943041400E2D7D0 /* FirebaseInAppMessagingSwift-Beta */ = {
			isa = XCSwiftPackageProductDependency;
			package = 0CFAE7D52943041400E2D7D0 /* XCRemoteSwiftPackageReference "firebase-ios-sdk" */;
			productName = "FirebaseInAppMessagingSwift-Beta";
		};
		0CFAE7FC2943041400E2D7D0 /* FirebaseInstallations */ = {
			isa = XCSwiftPackageProductDependency;
			package = 0CFAE7D52943041400E2D7D0 /* XCRemoteSwiftPackageReference "firebase-ios-sdk" */;
			productName = FirebaseInstallations;
		};
		0CFAE7FE2943041400E2D7D0 /* FirebaseMLModelDownloader */ = {
			isa = XCSwiftPackageProductDependency;
			package = 0CFAE7D52943041400E2D7D0 /* XCRemoteSwiftPackageReference "firebase-ios-sdk" */;
			productName = FirebaseMLModelDownloader;
		};
		0CFAE8002943041400E2D7D0 /* FirebaseMessaging */ = {
			isa = XCSwiftPackageProductDependency;
			package = 0CFAE7D52943041400E2D7D0 /* XCRemoteSwiftPackageReference "firebase-ios-sdk" */;
			productName = FirebaseMessaging;
		};
		0CFAE8022943041400E2D7D0 /* FirebasePerformance */ = {
			isa = XCSwiftPackageProductDependency;
			package = 0CFAE7D52943041400E2D7D0 /* XCRemoteSwiftPackageReference "firebase-ios-sdk" */;
			productName = FirebasePerformance;
		};
		0CFAE8042943041400E2D7D0 /* FirebaseRemoteConfig */ = {
			isa = XCSwiftPackageProductDependency;
			package = 0CFAE7D52943041400E2D7D0 /* XCRemoteSwiftPackageReference "firebase-ios-sdk" */;
			productName = FirebaseRemoteConfig;
		};
		0CFAE8062943041400E2D7D0 /* FirebaseRemoteConfigSwift */ = {
			isa = XCSwiftPackageProductDependency;
			package = 0CFAE7D52943041400E2D7D0 /* XCRemoteSwiftPackageReference "firebase-ios-sdk" */;
			productName = FirebaseRemoteConfigSwift;
		};
		0CFAE8082943041400E2D7D0 /* FirebaseStorage */ = {
			isa = XCSwiftPackageProductDependency;
			package = 0CFAE7D52943041400E2D7D0 /* XCRemoteSwiftPackageReference "firebase-ios-sdk" */;
			productName = FirebaseStorage;
		};
		0CFAE80A2943041400E2D7D0 /* FirebaseStorageCombine-Community */ = {
			isa = XCSwiftPackageProductDependency;
			package = 0CFAE7D52943041400E2D7D0 /* XCRemoteSwiftPackageReference "firebase-ios-sdk" */;
			productName = "FirebaseStorageCombine-Community";
		};
/* End XCSwiftPackageProductDependency section */
	};
	rootObject = 0CFAE7BA2942E5E900E2D7D0 /* Project object */;
}
